{
  "name": "hyperpaint",
  "version": "1.0.0",
  "lockfileVersion": 1,
  "requires": true,
  "dependencies": {
    "@pixi/accessibility": {
      "version": "5.2.2",
      "resolved": "https://registry.npmjs.org/@pixi/accessibility/-/accessibility-5.2.2.tgz",
      "integrity": "sha512-RTmFWvH+9LEEt+afTKUp6xHjKxATzlcmQIa6RR6IuYQVK84HZYVeFLYEl6xeAayowonEcqS0LHGbMTQOInKszw==",
      "requires": {
        "@pixi/core": "5.2.2",
        "@pixi/display": "5.2.2",
        "@pixi/utils": "5.2.2"
      }
    },
    "@pixi/app": {
      "version": "5.2.2",
      "resolved": "https://registry.npmjs.org/@pixi/app/-/app-5.2.2.tgz",
      "integrity": "sha512-Pqyk7NDdBrRpIkrlB8wzu7Yrdk+GykdESWVRTyqt+PSfKdo937Q352Q/p8tT/y+0/mxB2oZeW71QNe7IjzfbdQ==",
      "requires": {
        "@pixi/core": "5.2.2",
        "@pixi/display": "5.2.2"
      }
    },
    "@pixi/constants": {
      "version": "5.2.2",
      "resolved": "https://registry.npmjs.org/@pixi/constants/-/constants-5.2.2.tgz",
      "integrity": "sha512-4ZQ0x9jqlQq+MUcxr8KluWRMMTwL1/TUOj8s2a+i1HPpGE+6Ysd+FqL5y9W46A2vm5TmZdPDXoWs53XEumeVUg=="
    },
    "@pixi/core": {
      "version": "5.2.2",
      "resolved": "https://registry.npmjs.org/@pixi/core/-/core-5.2.2.tgz",
      "integrity": "sha512-FaofKjNP8vJGbwO091xyZ/ydxPaZ11vExGz3SpjkFgSaUKEHJTUaC0HQgjB8CFvzYNOYh6mZ6+95hSm0FW1+SQ==",
      "requires": {
        "@pixi/constants": "5.2.2",
        "@pixi/display": "5.2.2",
        "@pixi/math": "5.2.2",
        "@pixi/runner": "5.2.2",
        "@pixi/settings": "5.2.2",
        "@pixi/ticker": "5.2.2",
        "@pixi/utils": "5.2.2"
      }
    },
    "@pixi/display": {
      "version": "5.2.2",
      "resolved": "https://registry.npmjs.org/@pixi/display/-/display-5.2.2.tgz",
      "integrity": "sha512-1IdOJK2UDEgFTpAff0Ji9F0d5J9euQY61MlE2qQO5NVxO0+RUI+Lop29L3WMJuvg42fEUpZNKFLlGr2/iFIE+w==",
      "requires": {
        "@pixi/math": "5.2.2",
        "@pixi/settings": "5.2.2",
        "@pixi/utils": "5.2.2"
      }
    },
    "@pixi/extract": {
      "version": "5.2.2",
      "resolved": "https://registry.npmjs.org/@pixi/extract/-/extract-5.2.2.tgz",
      "integrity": "sha512-bSe+ryIxMDwEvrYSNrxX6UIwdBmz6ziujTqcVUajNfF8c1yCOf6YTG6Lz3t1RVj45s0l8jLhnX51/9II0UpEBQ==",
      "requires": {
        "@pixi/core": "5.2.2",
        "@pixi/math": "5.2.2",
        "@pixi/utils": "5.2.2"
      }
    },
    "@pixi/filter-alpha": {
      "version": "5.2.2",
      "resolved": "https://registry.npmjs.org/@pixi/filter-alpha/-/filter-alpha-5.2.2.tgz",
      "integrity": "sha512-yAenQt1sEpHIpILqSxDX5GrPTG7msd3Np0S9NqRuaJlj3GsjYCmOYclIFXta/rqC+mJKOpLaXqYqFIpt/p77Bw==",
      "requires": {
        "@pixi/core": "5.2.2"
      }
    },
    "@pixi/filter-blur": {
      "version": "5.2.2",
      "resolved": "https://registry.npmjs.org/@pixi/filter-blur/-/filter-blur-5.2.2.tgz",
      "integrity": "sha512-cdrsR04nT7ZEbK1IkAUQKIJUCFBTa9gF1vkzMwSQHiykLVmVEKaoMrSGa8lDv9vGNCWUNO5UpS12Jp98eN9IGg==",
      "requires": {
        "@pixi/core": "5.2.2",
        "@pixi/settings": "5.2.2"
      }
    },
    "@pixi/filter-color-matrix": {
      "version": "5.2.2",
      "resolved": "https://registry.npmjs.org/@pixi/filter-color-matrix/-/filter-color-matrix-5.2.2.tgz",
      "integrity": "sha512-T6W3S8eoY+dEXXE4UEZHuCLM1Rw3qx7d+eIJGIKzBBVcWInRBBW1mbu5ld1gJwIfxAtcqxcexvYzEboV6Isjyg==",
      "requires": {
        "@pixi/core": "5.2.2"
      }
    },
    "@pixi/filter-displacement": {
      "version": "5.2.2",
      "resolved": "https://registry.npmjs.org/@pixi/filter-displacement/-/filter-displacement-5.2.2.tgz",
      "integrity": "sha512-mcrZcd+u2KMbiQW9Krd/oe01R18LJwEuAa1wrX524bf4O9ftOCUp6v3dkq8whfCPuQKTiBa/Zyhn8i1l1s0dMQ==",
      "requires": {
        "@pixi/core": "5.2.2",
        "@pixi/math": "5.2.2"
      }
    },
    "@pixi/filter-fxaa": {
      "version": "5.2.2",
      "resolved": "https://registry.npmjs.org/@pixi/filter-fxaa/-/filter-fxaa-5.2.2.tgz",
      "integrity": "sha512-6xcFMSvNFgeorPh1JAAd3+hoaC+JtSzjGZnQsYFB3vb6v+UhOE3hcbBj1f/G8TTSPxEedZxpslTcI8+Ff4UNaQ==",
      "requires": {
        "@pixi/core": "5.2.2"
      }
    },
    "@pixi/filter-noise": {
      "version": "5.2.2",
      "resolved": "https://registry.npmjs.org/@pixi/filter-noise/-/filter-noise-5.2.2.tgz",
      "integrity": "sha512-86+5Ugq5sR7XT4pECxkeJTirqt9rhR0eSz/Hjq7aK1rwX3C3GgBLvpOrZry3taGXEo713+hKjjhH/7tRg6N+HA==",
      "requires": {
        "@pixi/core": "5.2.2"
      }
    },
    "@pixi/graphics": {
      "version": "5.2.2",
      "resolved": "https://registry.npmjs.org/@pixi/graphics/-/graphics-5.2.2.tgz",
      "integrity": "sha512-ljB6hvHJ8LwAyU2mLwG3MZj0c5AR1+cMZVdxMH0ySFLzlzL6w2pZ8C+65p9AiXfQBW6SWeM8cMXiz54w2ACGug==",
      "requires": {
        "@pixi/constants": "5.2.2",
        "@pixi/core": "5.2.2",
        "@pixi/display": "5.2.2",
        "@pixi/math": "5.2.2",
        "@pixi/sprite": "5.2.2",
        "@pixi/utils": "5.2.2"
      }
    },
    "@pixi/interaction": {
      "version": "5.2.2",
      "resolved": "https://registry.npmjs.org/@pixi/interaction/-/interaction-5.2.2.tgz",
      "integrity": "sha512-Ryb1vy/oZ4je0Znqyc9SK9ucJbs1LrwFPkv8fDwaZIR1IGwmKNSpqN6aJrv4CF5J2fuS5vcN1H0+hMa/L+QS/A==",
      "requires": {
        "@pixi/core": "5.2.2",
        "@pixi/display": "5.2.2",
        "@pixi/math": "5.2.2",
        "@pixi/ticker": "5.2.2",
        "@pixi/utils": "5.2.2"
      }
    },
    "@pixi/loaders": {
      "version": "5.2.2",
      "resolved": "https://registry.npmjs.org/@pixi/loaders/-/loaders-5.2.2.tgz",
      "integrity": "sha512-M+Ul6o1N247gvhcLQCJhwwkvvlRPNQThdilTpSbTdECpd0sNb0lCOtZ9GEnVVe2ENG1Ox16qVJKU+RSi04ATqg==",
      "requires": {
        "@pixi/core": "5.2.2",
        "@pixi/utils": "5.2.2",
        "resource-loader": "^3.0.1"
      }
    },
    "@pixi/math": {
      "version": "5.2.2",
      "resolved": "https://registry.npmjs.org/@pixi/math/-/math-5.2.2.tgz",
      "integrity": "sha512-uoNTj+XR/x/xqHpDYYJl/MVsvDHnIAOAZ9bSA4qaHiNo6U0/spysuAnPDEYB/dT7v7f3SLuSdYvhdey+uuNSFg=="
    },
    "@pixi/mesh": {
      "version": "5.2.2",
      "resolved": "https://registry.npmjs.org/@pixi/mesh/-/mesh-5.2.2.tgz",
      "integrity": "sha512-adEvRvBOQbNHgaIUxKnUsxPY3B2NTo7xvmM7Rbr1tQ+iSQDa0agm/NeDh1TYNun5SNN8cQ8Rtj7c9ogJL/R+ZA==",
      "requires": {
        "@pixi/constants": "5.2.2",
        "@pixi/core": "5.2.2",
        "@pixi/display": "5.2.2",
        "@pixi/math": "5.2.2",
        "@pixi/settings": "5.2.2",
        "@pixi/utils": "5.2.2"
      }
    },
    "@pixi/mesh-extras": {
      "version": "5.2.2",
      "resolved": "https://registry.npmjs.org/@pixi/mesh-extras/-/mesh-extras-5.2.2.tgz",
      "integrity": "sha512-pnUiJ1ce5LDGqbpqBNYnwVKZgpIOTA1lVqs8IYZ2iQlJgZLSgaEdcuqI1fyfd0FqC24pEt4hgEs6ltLjVuVp+A==",
      "requires": {
        "@pixi/constants": "5.2.2",
        "@pixi/core": "5.2.2",
        "@pixi/math": "5.2.2",
        "@pixi/mesh": "5.2.2",
        "@pixi/utils": "5.2.2"
      }
    },
    "@pixi/mixin-cache-as-bitmap": {
      "version": "5.2.2",
      "resolved": "https://registry.npmjs.org/@pixi/mixin-cache-as-bitmap/-/mixin-cache-as-bitmap-5.2.2.tgz",
      "integrity": "sha512-c2FApPuU55tpQzLK/e0DCiRudRYmwm/cebVajd4jd+87trSzXXvOAWgwVexUz1ktkcL9rY6T89WhBpfkwHp9Ig==",
      "requires": {
        "@pixi/core": "5.2.2",
        "@pixi/display": "5.2.2",
        "@pixi/math": "5.2.2",
        "@pixi/settings": "5.2.2",
        "@pixi/sprite": "5.2.2",
        "@pixi/utils": "5.2.2"
      }
    },
    "@pixi/mixin-get-child-by-name": {
      "version": "5.2.2",
      "resolved": "https://registry.npmjs.org/@pixi/mixin-get-child-by-name/-/mixin-get-child-by-name-5.2.2.tgz",
      "integrity": "sha512-E58qYmaRLlT6U4Cn9fVKdB5cbIBKpDGzz83CLmHkp70emK4We870CxzSejhCDzyop9HVKiy3H53hOerA1Lr9GQ==",
      "requires": {
        "@pixi/display": "5.2.2"
      }
    },
    "@pixi/mixin-get-global-position": {
      "version": "5.2.2",
      "resolved": "https://registry.npmjs.org/@pixi/mixin-get-global-position/-/mixin-get-global-position-5.2.2.tgz",
      "integrity": "sha512-uyDH/pC6oZQ9HlWDUHpNWnOAUNiVsLw4NOEXK9SIN4Lr2l5ldnzDE4rP/MMUA/YvkUL8N0YSLHrb3kTF7s7YxQ==",
      "requires": {
        "@pixi/display": "5.2.2",
        "@pixi/math": "5.2.2"
      }
    },
    "@pixi/particles": {
      "version": "5.2.2",
      "resolved": "https://registry.npmjs.org/@pixi/particles/-/particles-5.2.2.tgz",
      "integrity": "sha512-rD/gBNi+FSjsZnjbocaa+BwJyEga1wSg7XD4H2pawOJJ/8JbTCoaoDJ9pAr/gLAn27uLKOZ5/Fpe+ZGfAOjAgQ==",
      "requires": {
        "@pixi/constants": "5.2.2",
        "@pixi/core": "5.2.2",
        "@pixi/display": "5.2.2",
        "@pixi/math": "5.2.2",
        "@pixi/utils": "5.2.2"
      }
    },
    "@pixi/polyfill": {
      "version": "5.2.2",
      "resolved": "https://registry.npmjs.org/@pixi/polyfill/-/polyfill-5.2.2.tgz",
      "integrity": "sha512-jjcHkcd8vQ/aRZ9cMTqRqgjMPtGrOc3QaH7ecIwlo8ODQEkjOHO26SbdTUKtbNgI+wAU8vmQpl2uwoFG9dkYSQ==",
      "requires": {
        "es6-promise-polyfill": "^1.2.0",
        "object-assign": "^4.1.1"
      }
    },
    "@pixi/prepare": {
      "version": "5.2.2",
      "resolved": "https://registry.npmjs.org/@pixi/prepare/-/prepare-5.2.2.tgz",
      "integrity": "sha512-MoHa+E8ekLj+Mx4onxxZVoeMhFueKHCLNDPMoEv0SdJoZVYdaI4Qsft2fPdx/TIZQtbJ9JJHp2y433Nul+mQIg==",
      "requires": {
        "@pixi/core": "5.2.2",
        "@pixi/display": "5.2.2",
        "@pixi/graphics": "5.2.2",
        "@pixi/settings": "5.2.2",
        "@pixi/text": "5.2.2",
        "@pixi/ticker": "5.2.2"
      }
    },
    "@pixi/runner": {
      "version": "5.2.2",
      "resolved": "https://registry.npmjs.org/@pixi/runner/-/runner-5.2.2.tgz",
      "integrity": "sha512-Omxpd6NFll/NIuz52laeVQjb2uMHjWEDMYRMsVnZ/opTGWRzBBjmyNgeI5/JP9QDTNDJqdvX5gBJWgUkuxmvYA=="
    },
    "@pixi/settings": {
      "version": "5.2.2",
      "resolved": "https://registry.npmjs.org/@pixi/settings/-/settings-5.2.2.tgz",
      "integrity": "sha512-425eQyPUJpfVhbMPw8OKWArfGnD7AIDqmZoj+TXRoGHcUq+vfEzt/tV67u3JmvTAOqvCihTWxWuF4chz5e609g==",
      "requires": {
        "ismobilejs": "^1.1.0"
      }
    },
    "@pixi/sprite": {
      "version": "5.2.2",
      "resolved": "https://registry.npmjs.org/@pixi/sprite/-/sprite-5.2.2.tgz",
      "integrity": "sha512-neup8NbQfBF8PgQphDm8Hnvh09AmTsb/eRpclgu5DlRqXkJsJU/nJ7DKSiZgxlLJRN8huQku7aqaJqwBLl5CUQ==",
      "requires": {
        "@pixi/constants": "5.2.2",
        "@pixi/core": "5.2.2",
        "@pixi/display": "5.2.2",
        "@pixi/math": "5.2.2",
        "@pixi/settings": "5.2.2",
        "@pixi/utils": "5.2.2"
      }
    },
    "@pixi/sprite-animated": {
      "version": "5.2.2",
      "resolved": "https://registry.npmjs.org/@pixi/sprite-animated/-/sprite-animated-5.2.2.tgz",
      "integrity": "sha512-7fB2uCbOT0tEcHfVJVkeZyVehvejBG5tNfRpzoR5MUompRmna76RzaQU2WKQJ34hZbgAkgf6jDdjMJ1I2NUcLQ==",
      "requires": {
        "@pixi/core": "5.2.2",
        "@pixi/sprite": "5.2.2",
        "@pixi/ticker": "5.2.2"
      }
    },
    "@pixi/sprite-tiling": {
      "version": "5.2.2",
      "resolved": "https://registry.npmjs.org/@pixi/sprite-tiling/-/sprite-tiling-5.2.2.tgz",
      "integrity": "sha512-udtUzTivkPLqGmQrA4Ca7NNE1FHgCskKrMgveuPXcqQlNpKzNwPxZzrZ79W/7hkTva2D95uxCNPFZ9rHPJCviw==",
      "requires": {
        "@pixi/constants": "5.2.2",
        "@pixi/core": "5.2.2",
        "@pixi/display": "5.2.2",
        "@pixi/math": "5.2.2",
        "@pixi/sprite": "5.2.2",
        "@pixi/utils": "5.2.2"
      }
    },
    "@pixi/spritesheet": {
      "version": "5.2.2",
      "resolved": "https://registry.npmjs.org/@pixi/spritesheet/-/spritesheet-5.2.2.tgz",
      "integrity": "sha512-9MkPQ8/NB4WhSv7H32WTYGPItk8FvUehDHkNSX75K6AsP/G3tXJ9GnBq/2+d7oYpx+3BNJkY3vr3NVKC5WK90Q==",
      "requires": {
        "@pixi/core": "5.2.2",
        "@pixi/loaders": "5.2.2",
        "@pixi/math": "5.2.2",
        "@pixi/utils": "5.2.2"
      }
    },
    "@pixi/text": {
      "version": "5.2.2",
      "resolved": "https://registry.npmjs.org/@pixi/text/-/text-5.2.2.tgz",
      "integrity": "sha512-/XZFk5ZN/63HyH2WzzQhV0X4bsQaySLR4/NtnEuhNCTcm0MJfh9IDo3rM38VPBWRFFvk6mJlHuLgyWH6elyxYw==",
      "requires": {
        "@pixi/core": "5.2.2",
        "@pixi/math": "5.2.2",
        "@pixi/settings": "5.2.2",
        "@pixi/sprite": "5.2.2",
        "@pixi/utils": "5.2.2"
      }
    },
    "@pixi/text-bitmap": {
      "version": "5.2.2",
      "resolved": "https://registry.npmjs.org/@pixi/text-bitmap/-/text-bitmap-5.2.2.tgz",
      "integrity": "sha512-DKAj6Q2EJEYvvolCEU61OE72jOyV01Rh7kZr64wKNkDSKtPPxGMlyE147ErAOjPclWJGxIfNvnFkRtd6BvC2yQ==",
      "requires": {
        "@pixi/core": "5.2.2",
        "@pixi/display": "5.2.2",
        "@pixi/loaders": "5.2.2",
        "@pixi/math": "5.2.2",
        "@pixi/settings": "5.2.2",
        "@pixi/sprite": "5.2.2",
        "@pixi/utils": "5.2.2"
      }
    },
    "@pixi/ticker": {
      "version": "5.2.2",
      "resolved": "https://registry.npmjs.org/@pixi/ticker/-/ticker-5.2.2.tgz",
      "integrity": "sha512-F4dbZpUij02+pipEbIeWpXtUh+6hhT8oYsxy6viTiqxfVJacP9uC74plhyKq1LXI9QwBuPqwGNbvZG5cOwdM2A==",
      "requires": {
        "@pixi/settings": "5.2.2"
      }
    },
    "@pixi/utils": {
      "version": "5.2.2",
      "resolved": "https://registry.npmjs.org/@pixi/utils/-/utils-5.2.2.tgz",
      "integrity": "sha512-01rqiVbCO5zqhCKOpx+LtsT3Z/KUln4MD4bUjCaGfLRkB95/5HIxiayUBiCcQ3oefPLkVtwMLHXq43aIvtna9g==",
      "requires": {
        "@pixi/constants": "5.2.2",
        "@pixi/settings": "5.2.2",
        "earcut": "^2.1.5",
        "eventemitter3": "^3.1.0",
        "url": "^0.11.0"
      }
    },
    "earcut": {
      "version": "2.2.2",
      "resolved": "https://registry.npmjs.org/earcut/-/earcut-2.2.2.tgz",
      "integrity": "sha512-eZoZPPJcUHnfRZ0PjLvx2qBordSiO8ofC3vt+qACLM95u+4DovnbYNpQtJh0DNsWj8RnxrQytD4WA8gj5cRIaQ=="
    },
    "es6-promise-polyfill": {
      "version": "1.2.0",
      "resolved": "https://registry.npmjs.org/es6-promise-polyfill/-/es6-promise-polyfill-1.2.0.tgz",
      "integrity": "sha1-84kl8jyz4+jObNqP93T867sJDN4="
    },
    "eventemitter3": {
      "version": "3.1.2",
      "resolved": "https://registry.npmjs.org/eventemitter3/-/eventemitter3-3.1.2.tgz",
      "integrity": "sha512-tvtQIeLVHjDkJYnzf2dgVMxfuSGJeM/7UCG17TT4EumTfNtF+0nebF/4zWOIkCreAbtNqhGEboB6BWrwqNaw4Q=="
    },
    "htm": {
      "version": "3.0.4",
      "resolved": "https://registry.npmjs.org/htm/-/htm-3.0.4.tgz",
      "integrity": "sha512-VRdvxX3tmrXuT/Ovt59NMp/ORMFi4bceFMDjos1PV4E0mV+5votuID8R60egR9A4U8nLt238R/snlJGz3UYiTQ=="
    },
    "ismobilejs": {
      "version": "1.1.1",
      "resolved": "https://registry.npmjs.org/ismobilejs/-/ismobilejs-1.1.1.tgz",
      "integrity": "sha512-VaFW53yt8QO61k2WJui0dHf4SlL8lxBofUuUmwBo0ljPk0Drz2TiuDW4jo3wDcv41qy/SxrJ+VAzJ/qYqsmzRw=="
    },
    "mini-signals": {
      "version": "1.2.0",
      "resolved": "https://registry.npmjs.org/mini-signals/-/mini-signals-1.2.0.tgz",
      "integrity": "sha1-RbCAE8X65RokqhqTXNMXye1yHXQ="
    },
    "object-assign": {
      "version": "4.1.1",
      "resolved": "https://registry.npmjs.org/object-assign/-/object-assign-4.1.1.tgz",
      "integrity": "sha1-IQmtx5ZYh8/AXLvUQsrIv7s2CGM="
    },
    "parse-uri": {
      "version": "1.0.0",
      "resolved": "https://registry.npmjs.org/parse-uri/-/parse-uri-1.0.0.tgz",
      "integrity": "sha1-KHLcwi8aeXrN4Vg9igrClVLdrCA="
    },
    "penner": {
      "version": "0.1.3",
      "resolved": "https://registry.npmjs.org/penner/-/penner-0.1.3.tgz",
      "integrity": "sha1-C4tILU6bOa8vPXw3WSIpuKzClwU="
    },
    "pixi-viewport": {
      "version": "4.11.0",
      "resolved": "https://registry.npmjs.org/pixi-viewport/-/pixi-viewport-4.11.0.tgz",
      "integrity": "sha512-6YgJdxEqh9mOxWKCLrx2HOZjVSa3odxgQHxaWpm2YugDMSHsJRcBd3Elp98Zr8xM9USI6MBJWOZqqbBtonff4Q==",
      "requires": {
        "penner": "^0.1.3"
      }
    },
    "pixi.js": {
      "version": "5.2.2",
      "resolved": "https://registry.npmjs.org/pixi.js/-/pixi.js-5.2.2.tgz",
      "integrity": "sha512-qRoKiCtXbjlCdvRaCq14sB0f5GlxeSqtDtLTm3zpKbXz6Tiqwu4iEO/55s0x3KBIlhxPi0xKKvcHMfgen3oyaQ==",
      "requires": {
        "@pixi/accessibility": "5.2.2",
        "@pixi/app": "5.2.2",
        "@pixi/constants": "5.2.2",
        "@pixi/core": "5.2.2",
        "@pixi/display": "5.2.2",
        "@pixi/extract": "5.2.2",
        "@pixi/filter-alpha": "5.2.2",
        "@pixi/filter-blur": "5.2.2",
        "@pixi/filter-color-matrix": "5.2.2",
        "@pixi/filter-displacement": "5.2.2",
        "@pixi/filter-fxaa": "5.2.2",
        "@pixi/filter-noise": "5.2.2",
        "@pixi/graphics": "5.2.2",
        "@pixi/interaction": "5.2.2",
        "@pixi/loaders": "5.2.2",
        "@pixi/math": "5.2.2",
        "@pixi/mesh": "5.2.2",
        "@pixi/mesh-extras": "5.2.2",
        "@pixi/mixin-cache-as-bitmap": "5.2.2",
        "@pixi/mixin-get-child-by-name": "5.2.2",
        "@pixi/mixin-get-global-position": "5.2.2",
        "@pixi/particles": "5.2.2",
        "@pixi/polyfill": "5.2.2",
        "@pixi/prepare": "5.2.2",
        "@pixi/runner": "5.2.2",
        "@pixi/settings": "5.2.2",
        "@pixi/sprite": "5.2.2",
        "@pixi/sprite-animated": "5.2.2",
        "@pixi/sprite-tiling": "5.2.2",
        "@pixi/spritesheet": "5.2.2",
        "@pixi/text": "5.2.2",
        "@pixi/text-bitmap": "5.2.2",
        "@pixi/ticker": "5.2.2",
        "@pixi/utils": "5.2.2"
      }
    },
    "preact": {
      "version": "10.4.1",
      "resolved": "https://registry.npmjs.org/preact/-/preact-10.4.1.tgz",
      "integrity": "sha512-WKrRpCSwL2t3tpOOGhf2WfTpcmbpxaWtDbdJdKdjd0aEiTkvOmS4NBkG6kzlaAHI9AkQ3iVqbFWM3Ei7mZ4o1Q=="
    },
    "punycode": {
      "version": "1.3.2",
      "resolved": "https://registry.npmjs.org/punycode/-/punycode-1.3.2.tgz",
      "integrity": "sha1-llOgNvt8HuQjQvIyXM7v6jkmxI0="
    },
    "querystring": {
      "version": "0.2.0",
      "resolved": "https://registry.npmjs.org/querystring/-/querystring-0.2.0.tgz",
      "integrity": "sha1-sgmEkgO7Jd+CDadW50cAWHhSFiA="
    },
    "resource-loader": {
      "version": "3.0.1",
      "resolved": "https://registry.npmjs.org/resource-loader/-/resource-loader-3.0.1.tgz",
      "integrity": "sha512-fBuCRbEHdLCI1eglzQhUv9Rrdcmqkydr1r6uHE2cYHvRBrcLXeSmbE/qI/urFt8rPr/IGxir3BUwM5kUK8XoyA==",
      "requires": {
        "mini-signals": "^1.2.0",
        "parse-uri": "^1.0.0"
      }
    },
    "rgbquant": {
      "version": "1.1.2",
      "resolved": "https://registry.npmjs.org/rgbquant/-/rgbquant-1.1.2.tgz",
      "integrity": "sha1-2V6Imo/LHmwaT6LMyL46QaL80YU="
    },
    "url": {
      "version": "0.11.0",
      "resolved": "https://registry.npmjs.org/url/-/url-0.11.0.tgz",
      "integrity": "sha1-ODjpfPxgUh63PFJajlW/3Z4uKPE=",
      "requires": {
        "punycode": "1.3.2",
        "querystring": "0.2.0"
      }
    }
  }
}
